
Microsoft Visual Studio Solution File, Format Version 12.00
# Visual Studio Version 16
VisualStudioVersion = 16.0.31729.503
MinimumVisualStudioVersion = 10.0.40219.1
Project("{9A19103F-16F7-4668-BE54-9A1E7A4F7556}") = "FundProjects", "FundProjects.csproj", "{5A045405-F850-40BF-93D7-F1E16F28C936}"
EndProject
Project("{FAE04EC0-301F-11D3-BF4B-00C04F79EFBC}") = "FundProjectsMvc", "..\FundProjectsMvc\FundProjectsMvc.csproj", "{62385635-61BB-4432-9BD7-D72B83E39F37}"
EndProject
Global
	GlobalSection(SolutionConfigurationPlatforms) = preSolution
		Debug|Any CPU = Debug|Any CPU
		Release|Any CPU = Release|Any CPU
	EndGlobalSection
	GlobalSection(ProjectConfigurationPlatforms) = postSolution
		{5A045405-F850-40BF-93D7-F1E16F28C936}.Debug|Any CPU.ActiveCfg = Debug|Any CPU
		{5A045405-F850-40BF-93D7-F1E16F28C936}.Debug|Any CPU.Build.0 = Debug|Any CPU
		{5A045405-F850-40BF-93D7-F1E16F28C936}.Release|Any CPU.ActiveCfg = Release|Any CPU
		{5A045405-F850-40BF-93D7-F1E16F28C936}.Release|Any CPU.Build.0 = Release|Any CPU
		{62385635-61BB-4432-9BD7-D72B83E39F37}.Debug|Any CPU.ActiveCfg = Debug|Any CPU
		{62385635-61BB-4432-9BD7-D72B83E39F37}.Debug|Any CPU.Build.0 = Debug|Any CPU
		{62385635-61BB-4432-9BD7-D72B83E39F37}.Release|Any CPU.ActiveCfg = Release|Any CPU
		{62385635-61BB-4432-9BD7-D72B83E39F37}.Release|Any CPU.Build.0 = Release|Any CPU
	EndGlobalSection
	GlobalSection(SolutionProperties) = preSolution
		HideSolutionNode = FALSE
	EndGlobalSection
	GlobalSection(ExtensibilityGlobals) = postSolution
		SolutionGuid = {B32B603D-C164-4BDC-9009-8E585D89EE00}
	EndGlobalSection
EndGlobal
